PODS:
  - AFNetworking (3.0.4):
    - AFNetworking/NSURLSession (= 3.0.4)
    - AFNetworking/Reachability (= 3.0.4)
    - AFNetworking/Security (= 3.0.4)
    - AFNetworking/Serialization (= 3.0.4)
    - AFNetworking/UIKit (= 3.0.4)
  - AFNetworking/NSURLSession (3.0.4):
    - AFNetworking/Reachability
    - AFNetworking/Security
    - AFNetworking/Serialization
  - AFNetworking/Reachability (3.0.4)
  - AFNetworking/Security (3.0.4)
  - AFNetworking/Serialization (3.0.4)
  - AFNetworking/UIKit (3.0.4):
    - AFNetworking/NSURLSession
  - BDBOAuth1Manager (2.0.0):
    - AFNetworking/NSURLSession (~> 3.0.0)
  - MBProgressHUD (1.0.0)
  - Spring (1.0.3)

DEPENDENCIES:
  - AFNetworking
  - BDBOAuth1Manager
  - MBProgressHUD
  - Spring (from `https://github.com/MengTo/Spring.git`, branch `swift3`)

EXTERNAL SOURCES:
  Spring:
    :branch: swift3
    :git: https://github.com/MengTo/Spring.git

CHECKOUT OPTIONS:
  Spring:
    :commit: 3a9227c6e9157e7b47f5ac1ee5abab2a56b50002
    :git: https://github.com/MengTo/Spring.git

SPEC CHECKSUMS:
  AFNetworking: a0075feb321559dc78d9d85b55d11caa19eabb93
  BDBOAuth1Manager: 92d17d06f8a648602962304cd2f35ae7394fa001
  MBProgressHUD: 4890f671c94e8a0f3cf959aa731e9de2f036d71a
  Spring: 3f02b5dc3308572ef177b3cad0fa7bbc4b0706f7

PODFILE CHECKSUM: e282e6f5bfdd8eacd5b79e490ca2d272850fcb22

COCOAPODS: 1.1.1
